
Microsoft Visual Studio Solution File, Format Version 12.00
# Visual Studio Version 17
VisualStudioVersion = 17.3.32825.248
MinimumVisualStudioVersion = 10.0.40219.1
Project("{FAE04EC0-301F-11D3-BF4B-00C04F79EFBC}") = "Authentication", "Authentication\Authentication.csproj", "{28B9653B-DFF7-4338-8AFC-3499398C0588}"
EndProject
Project("{FAE04EC0-301F-11D3-BF4B-00C04F79EFBC}") = "Identity", "Identity\Identity.csproj", "{661649CD-11FA-4105-BAD7-D746B00AF5E9}"
EndProject
Project("{FAE04EC0-301F-11D3-BF4B-00C04F79EFBC}") = "JwtBearer", "JwtBearer\JwtBearer.csproj", "{54322EBB-4230-4224-BE58-A268864FF885}"
EndProject
Global
	GlobalSection(SolutionConfigurationPlatforms) = preSolution
		Debug|Any CPU = Debug|Any CPU
		Release|Any CPU = Release|Any CPU
	EndGlobalSection
	GlobalSection(ProjectConfigurationPlatforms) = postSolution
		{28B9653B-DFF7-4338-8AFC-3499398C0588}.Debug|Any CPU.ActiveCfg = Debug|Any CPU
		{28B9653B-DFF7-4338-8AFC-3499398C0588}.Debug|Any CPU.Build.0 = Debug|Any CPU
		{28B9653B-DFF7-4338-8AFC-3499398C0588}.Release|Any CPU.ActiveCfg = Release|Any CPU
		{28B9653B-DFF7-4338-8AFC-3499398C0588}.Release|Any CPU.Build.0 = Release|Any CPU
		{661649CD-11FA-4105-BAD7-D746B00AF5E9}.Debug|Any CPU.ActiveCfg = Debug|Any CPU
		{661649CD-11FA-4105-BAD7-D746B00AF5E9}.Debug|Any CPU.Build.0 = Debug|Any CPU
		{661649CD-11FA-4105-BAD7-D746B00AF5E9}.Release|Any CPU.ActiveCfg = Release|Any CPU
		{661649CD-11FA-4105-BAD7-D746B00AF5E9}.Release|Any CPU.Build.0 = Release|Any CPU
		{54322EBB-4230-4224-BE58-A268864FF885}.Debug|Any CPU.ActiveCfg = Debug|Any CPU
		{54322EBB-4230-4224-BE58-A268864FF885}.Debug|Any CPU.Build.0 = Debug|Any CPU
		{54322EBB-4230-4224-BE58-A268864FF885}.Release|Any CPU.ActiveCfg = Release|Any CPU
		{54322EBB-4230-4224-BE58-A268864FF885}.Release|Any CPU.Build.0 = Release|Any CPU
	EndGlobalSection
	GlobalSection(SolutionProperties) = preSolution
		HideSolutionNode = FALSE
	EndGlobalSection
	GlobalSection(ExtensibilityGlobals) = postSolution
		SolutionGuid = {B04E00A5-19A4-4DDE-9BC9-3C9631D5FACE}
	EndGlobalSection
EndGlobal
