
Microsoft Visual Studio Solution File, Format Version 12.00
# Visual Studio Version 17
VisualStudioVersion = 17.3.32825.248
MinimumVisualStudioVersion = 10.0.40219.1
Project("{9A19103F-16F7-4668-BE54-9A1E7A4F7556}") = "Authentication", "Authentication\Authentication.csproj", "{28B9653B-DFF7-4338-8AFC-3499398C0588}"
EndProject
Project("{9A19103F-16F7-4668-BE54-9A1E7A4F7556}") = "Identity", "Identity\Identity.csproj", "{661649CD-11FA-4105-BAD7-D746B00AF5E9}"
EndProject
Project("{9A19103F-16F7-4668-BE54-9A1E7A4F7556}") = "JwtBearer", "JwtBearer\JwtBearer.csproj", "{54322EBB-4230-4224-BE58-A268864FF885}"
EndProject
Project("{9A19103F-16F7-4668-BE54-9A1E7A4F7556}") = "OAuth Client", "OAuth Client\OAuth Client.csproj", "{66D1C1CD-980F-447F-80FC-F42499D91592}"
EndProject
Project("{9A19103F-16F7-4668-BE54-9A1E7A4F7556}") = "IdentityServer4Example", "IdentityServer4\IdentityServer4Example.csproj", "{2FC1AE4F-1C0E-4514-A463-5FF008526AAE}"
EndProject
Project("{2150E333-8FDC-42A3-9474-1A3956D46DE8}") = "IdentityServer", "IdentityServer", "{A23CB5D0-2099-4D1B-B5CA-6D0CB102E373}"
EndProject
Project("{FAE04EC0-301F-11D3-BF4B-00C04F79EFBC}") = "ApiClient", "ApiClient\ApiClient.csproj", "{070AF390-57A0-47F6-9853-A7BD87FB617F}"
EndProject
Project("{FAE04EC0-301F-11D3-BF4B-00C04F79EFBC}") = "ApiClient2", "ApiClient2\ApiClient2.csproj", "{71527CEC-DB91-45BA-BB0F-95614100B423}"
EndProject
Global
	GlobalSection(SolutionConfigurationPlatforms) = preSolution
		Debug|Any CPU = Debug|Any CPU
		Release|Any CPU = Release|Any CPU
	EndGlobalSection
	GlobalSection(ProjectConfigurationPlatforms) = postSolution
		{28B9653B-DFF7-4338-8AFC-3499398C0588}.Debug|Any CPU.ActiveCfg = Debug|Any CPU
		{28B9653B-DFF7-4338-8AFC-3499398C0588}.Debug|Any CPU.Build.0 = Debug|Any CPU
		{28B9653B-DFF7-4338-8AFC-3499398C0588}.Release|Any CPU.ActiveCfg = Release|Any CPU
		{28B9653B-DFF7-4338-8AFC-3499398C0588}.Release|Any CPU.Build.0 = Release|Any CPU
		{661649CD-11FA-4105-BAD7-D746B00AF5E9}.Debug|Any CPU.ActiveCfg = Debug|Any CPU
		{661649CD-11FA-4105-BAD7-D746B00AF5E9}.Debug|Any CPU.Build.0 = Debug|Any CPU
		{661649CD-11FA-4105-BAD7-D746B00AF5E9}.Release|Any CPU.ActiveCfg = Release|Any CPU
		{661649CD-11FA-4105-BAD7-D746B00AF5E9}.Release|Any CPU.Build.0 = Release|Any CPU
		{54322EBB-4230-4224-BE58-A268864FF885}.Debug|Any CPU.ActiveCfg = Debug|Any CPU
		{54322EBB-4230-4224-BE58-A268864FF885}.Debug|Any CPU.Build.0 = Debug|Any CPU
		{54322EBB-4230-4224-BE58-A268864FF885}.Release|Any CPU.ActiveCfg = Release|Any CPU
		{54322EBB-4230-4224-BE58-A268864FF885}.Release|Any CPU.Build.0 = Release|Any CPU
		{66D1C1CD-980F-447F-80FC-F42499D91592}.Debug|Any CPU.ActiveCfg = Debug|Any CPU
		{66D1C1CD-980F-447F-80FC-F42499D91592}.Debug|Any CPU.Build.0 = Debug|Any CPU
		{66D1C1CD-980F-447F-80FC-F42499D91592}.Release|Any CPU.ActiveCfg = Release|Any CPU
		{66D1C1CD-980F-447F-80FC-F42499D91592}.Release|Any CPU.Build.0 = Release|Any CPU
		{2FC1AE4F-1C0E-4514-A463-5FF008526AAE}.Debug|Any CPU.ActiveCfg = Debug|Any CPU
		{2FC1AE4F-1C0E-4514-A463-5FF008526AAE}.Debug|Any CPU.Build.0 = Debug|Any CPU
		{2FC1AE4F-1C0E-4514-A463-5FF008526AAE}.Release|Any CPU.ActiveCfg = Release|Any CPU
		{2FC1AE4F-1C0E-4514-A463-5FF008526AAE}.Release|Any CPU.Build.0 = Release|Any CPU
		{070AF390-57A0-47F6-9853-A7BD87FB617F}.Debug|Any CPU.ActiveCfg = Debug|Any CPU
		{070AF390-57A0-47F6-9853-A7BD87FB617F}.Debug|Any CPU.Build.0 = Debug|Any CPU
		{070AF390-57A0-47F6-9853-A7BD87FB617F}.Release|Any CPU.ActiveCfg = Release|Any CPU
		{070AF390-57A0-47F6-9853-A7BD87FB617F}.Release|Any CPU.Build.0 = Release|Any CPU
		{71527CEC-DB91-45BA-BB0F-95614100B423}.Debug|Any CPU.ActiveCfg = Debug|Any CPU
		{71527CEC-DB91-45BA-BB0F-95614100B423}.Debug|Any CPU.Build.0 = Debug|Any CPU
		{71527CEC-DB91-45BA-BB0F-95614100B423}.Release|Any CPU.ActiveCfg = Release|Any CPU
		{71527CEC-DB91-45BA-BB0F-95614100B423}.Release|Any CPU.Build.0 = Release|Any CPU
	EndGlobalSection
	GlobalSection(SolutionProperties) = preSolution
		HideSolutionNode = FALSE
	EndGlobalSection
	GlobalSection(NestedProjects) = preSolution
		{2FC1AE4F-1C0E-4514-A463-5FF008526AAE} = {A23CB5D0-2099-4D1B-B5CA-6D0CB102E373}
		{070AF390-57A0-47F6-9853-A7BD87FB617F} = {A23CB5D0-2099-4D1B-B5CA-6D0CB102E373}
		{71527CEC-DB91-45BA-BB0F-95614100B423} = {A23CB5D0-2099-4D1B-B5CA-6D0CB102E373}
	EndGlobalSection
	GlobalSection(ExtensibilityGlobals) = postSolution
		SolutionGuid = {B04E00A5-19A4-4DDE-9BC9-3C9631D5FACE}
	EndGlobalSection
EndGlobal
